
Microsoft Visual Studio Solution File, Format Version 12.00
# Visual Studio Version 16
VisualStudioVersion = 16.0.29926.136
MinimumVisualStudioVersion = 10.0.40219.1
Project("{8BC9CEB8-8B4A-11D0-8D11-00A0C91BC942}") = "12Flyweight", "Projects\12Flyweight\12Flyweight.vcxproj", "{A65C81FF-77A6-456C-BCDA-F9B0B93F0E44}"
EndProject
Project("{8BC9CEB8-8B4A-11D0-8D11-00A0C91BC942}") = "13Proxy", "Projects\13Proxy\13Proxy.vcxproj.vcxproj", "{2DDE1780-00C0-4A23-AFB7-66602D1F42A4}"
EndProject
Project("{8BC9CEB8-8B4A-11D0-8D11-00A0C91BC942}") = "14ChaneOfResponsybility", "Projects\14ChaneOfResponsybility\14ChaneOfResponsybility.vcxproj", "{F725F7B1-033E-4C2E-BD3E-5A5573D753AD}"
EndProject
Project("{8BC9CEB8-8B4A-11D0-8D11-00A0C91BC942}") = "16Interpreter", "Projects\16Interpreter\16Interpreter.vcxproj", "{43C373D5-3FFB-47C1-BFC6-43E104343722}"
EndProject
Project("{8BC9CEB8-8B4A-11D0-8D11-00A0C91BC942}") = "15Command", "Projects\15Command\15Command.vcxproj", "{C5B1575D-8834-4A86-B2B4-91DC6101A5A6}"
EndProject
Project("{8BC9CEB8-8B4A-11D0-8D11-00A0C91BC942}") = "17Iterator", "Projects\17Iterator\17Iterator.vcxproj", "{ADD68D7D-7378-4909-92B2-D94948538E31}"
EndProject
Project("{8BC9CEB8-8B4A-11D0-8D11-00A0C91BC942}") = "18Mediator", "Projects\18Mediator\18Mediator.vcxproj", "{29B80800-EA02-41F2-AA72-9CF61C373507}"
EndProject
Project("{8BC9CEB8-8B4A-11D0-8D11-00A0C91BC942}") = "19Memento", "Projects\19Memeto\19Memeto.vcxproj", "{C75AC0CC-8712-4D0A-A3BD-67FCB7A18EF9}"
EndProject
Project("{8BC9CEB8-8B4A-11D0-8D11-00A0C91BC942}") = "20Observer", "Projects\20Observer\20Observer.vcxproj", "{A6BD340A-D445-4FC8-9ECB-921298F9E8F2}"
EndProject
Project("{8BC9CEB8-8B4A-11D0-8D11-00A0C91BC942}") = "22Strategy", "Projects\22Strategy\22Strategy.vcxproj", "{F12FABF9-337C-479C-BF60-96AF797760F0}"
EndProject
Project("{8BC9CEB8-8B4A-11D0-8D11-00A0C91BC942}") = "21StateMachine", "Projects\21StateMachine\StateMachine.vcxproj", "{63429F04-F3AC-49BD-97AF-B3E1A7785AC3}"
EndProject
Project("{8BC9CEB8-8B4A-11D0-8D11-00A0C91BC942}") = "23TemplateMetod", "Projects\23TemplateMetod\23TemplateMetod.vcxproj", "{44E22E1E-BAB6-48A1-842B-0FAFD52863D9}"
EndProject
Project("{8BC9CEB8-8B4A-11D0-8D11-00A0C91BC942}") = "24Visitor", "Projects\24Visitor\24Visitor.vcxproj", "{269E7FF5-D7BA-44B2-95A4-51DB1E793831}"
EndProject
Global
	GlobalSection(SolutionConfigurationPlatforms) = preSolution
		Debug|x64 = Debug|x64
		Debug|x86 = Debug|x86
		Release|x64 = Release|x64
		Release|x86 = Release|x86
	EndGlobalSection
	GlobalSection(ProjectConfigurationPlatforms) = postSolution
		{A65C81FF-77A6-456C-BCDA-F9B0B93F0E44}.Debug|x64.ActiveCfg = Debug|x64
		{A65C81FF-77A6-456C-BCDA-F9B0B93F0E44}.Debug|x64.Build.0 = Debug|x64
		{A65C81FF-77A6-456C-BCDA-F9B0B93F0E44}.Debug|x86.ActiveCfg = Debug|Win32
		{A65C81FF-77A6-456C-BCDA-F9B0B93F0E44}.Debug|x86.Build.0 = Debug|Win32
		{A65C81FF-77A6-456C-BCDA-F9B0B93F0E44}.Release|x64.ActiveCfg = Release|x64
		{A65C81FF-77A6-456C-BCDA-F9B0B93F0E44}.Release|x64.Build.0 = Release|x64
		{A65C81FF-77A6-456C-BCDA-F9B0B93F0E44}.Release|x86.ActiveCfg = Release|Win32
		{A65C81FF-77A6-456C-BCDA-F9B0B93F0E44}.Release|x86.Build.0 = Release|Win32
		{2DDE1780-00C0-4A23-AFB7-66602D1F42A4}.Debug|x64.ActiveCfg = Debug|x64
		{2DDE1780-00C0-4A23-AFB7-66602D1F42A4}.Debug|x64.Build.0 = Debug|x64
		{2DDE1780-00C0-4A23-AFB7-66602D1F42A4}.Debug|x86.ActiveCfg = Debug|Win32
		{2DDE1780-00C0-4A23-AFB7-66602D1F42A4}.Debug|x86.Build.0 = Debug|Win32
		{2DDE1780-00C0-4A23-AFB7-66602D1F42A4}.Release|x64.ActiveCfg = Release|x64
		{2DDE1780-00C0-4A23-AFB7-66602D1F42A4}.Release|x64.Build.0 = Release|x64
		{2DDE1780-00C0-4A23-AFB7-66602D1F42A4}.Release|x86.ActiveCfg = Release|Win32
		{2DDE1780-00C0-4A23-AFB7-66602D1F42A4}.Release|x86.Build.0 = Release|Win32
		{F725F7B1-033E-4C2E-BD3E-5A5573D753AD}.Debug|x64.ActiveCfg = Debug|x64
		{F725F7B1-033E-4C2E-BD3E-5A5573D753AD}.Debug|x64.Build.0 = Debug|x64
		{F725F7B1-033E-4C2E-BD3E-5A5573D753AD}.Debug|x86.ActiveCfg = Debug|Win32
		{F725F7B1-033E-4C2E-BD3E-5A5573D753AD}.Debug|x86.Build.0 = Debug|Win32
		{F725F7B1-033E-4C2E-BD3E-5A5573D753AD}.Release|x64.ActiveCfg = Release|x64
		{F725F7B1-033E-4C2E-BD3E-5A5573D753AD}.Release|x64.Build.0 = Release|x64
		{F725F7B1-033E-4C2E-BD3E-5A5573D753AD}.Release|x86.ActiveCfg = Release|Win32
		{F725F7B1-033E-4C2E-BD3E-5A5573D753AD}.Release|x86.Build.0 = Release|Win32
		{43C373D5-3FFB-47C1-BFC6-43E104343722}.Debug|x64.ActiveCfg = Debug|x64
		{43C373D5-3FFB-47C1-BFC6-43E104343722}.Debug|x64.Build.0 = Debug|x64
		{43C373D5-3FFB-47C1-BFC6-43E104343722}.Debug|x86.ActiveCfg = Debug|Win32
		{43C373D5-3FFB-47C1-BFC6-43E104343722}.Debug|x86.Build.0 = Debug|Win32
		{43C373D5-3FFB-47C1-BFC6-43E104343722}.Release|x64.ActiveCfg = Release|x64
		{43C373D5-3FFB-47C1-BFC6-43E104343722}.Release|x64.Build.0 = Release|x64
		{43C373D5-3FFB-47C1-BFC6-43E104343722}.Release|x86.ActiveCfg = Release|Win32
		{43C373D5-3FFB-47C1-BFC6-43E104343722}.Release|x86.Build.0 = Release|Win32
		{C5B1575D-8834-4A86-B2B4-91DC6101A5A6}.Debug|x64.ActiveCfg = Debug|x64
		{C5B1575D-8834-4A86-B2B4-91DC6101A5A6}.Debug|x64.Build.0 = Debug|x64
		{C5B1575D-8834-4A86-B2B4-91DC6101A5A6}.Debug|x86.ActiveCfg = Debug|Win32
		{C5B1575D-8834-4A86-B2B4-91DC6101A5A6}.Debug|x86.Build.0 = Debug|Win32
		{C5B1575D-8834-4A86-B2B4-91DC6101A5A6}.Release|x64.ActiveCfg = Release|x64
		{C5B1575D-8834-4A86-B2B4-91DC6101A5A6}.Release|x64.Build.0 = Release|x64
		{C5B1575D-8834-4A86-B2B4-91DC6101A5A6}.Release|x86.ActiveCfg = Release|Win32
		{C5B1575D-8834-4A86-B2B4-91DC6101A5A6}.Release|x86.Build.0 = Release|Win32
		{ADD68D7D-7378-4909-92B2-D94948538E31}.Debug|x64.ActiveCfg = Debug|x64
		{ADD68D7D-7378-4909-92B2-D94948538E31}.Debug|x64.Build.0 = Debug|x64
		{ADD68D7D-7378-4909-92B2-D94948538E31}.Debug|x86.ActiveCfg = Debug|Win32
		{ADD68D7D-7378-4909-92B2-D94948538E31}.Debug|x86.Build.0 = Debug|Win32
		{ADD68D7D-7378-4909-92B2-D94948538E31}.Release|x64.ActiveCfg = Release|x64
		{ADD68D7D-7378-4909-92B2-D94948538E31}.Release|x64.Build.0 = Release|x64
		{ADD68D7D-7378-4909-92B2-D94948538E31}.Release|x86.ActiveCfg = Release|Win32
		{ADD68D7D-7378-4909-92B2-D94948538E31}.Release|x86.Build.0 = Release|Win32
		{29B80800-EA02-41F2-AA72-9CF61C373507}.Debug|x64.ActiveCfg = Debug|x64
		{29B80800-EA02-41F2-AA72-9CF61C373507}.Debug|x64.Build.0 = Debug|x64
		{29B80800-EA02-41F2-AA72-9CF61C373507}.Debug|x86.ActiveCfg = Debug|Win32
		{29B80800-EA02-41F2-AA72-9CF61C373507}.Debug|x86.Build.0 = Debug|Win32
		{29B80800-EA02-41F2-AA72-9CF61C373507}.Release|x64.ActiveCfg = Release|x64
		{29B80800-EA02-41F2-AA72-9CF61C373507}.Release|x64.Build.0 = Release|x64
		{29B80800-EA02-41F2-AA72-9CF61C373507}.Release|x86.ActiveCfg = Release|Win32
		{29B80800-EA02-41F2-AA72-9CF61C373507}.Release|x86.Build.0 = Release|Win32
		{C75AC0CC-8712-4D0A-A3BD-67FCB7A18EF9}.Debug|x64.ActiveCfg = Debug|x64
		{C75AC0CC-8712-4D0A-A3BD-67FCB7A18EF9}.Debug|x64.Build.0 = Debug|x64
		{C75AC0CC-8712-4D0A-A3BD-67FCB7A18EF9}.Debug|x86.ActiveCfg = Debug|Win32
		{C75AC0CC-8712-4D0A-A3BD-67FCB7A18EF9}.Debug|x86.Build.0 = Debug|Win32
		{C75AC0CC-8712-4D0A-A3BD-67FCB7A18EF9}.Release|x64.ActiveCfg = Release|x64
		{C75AC0CC-8712-4D0A-A3BD-67FCB7A18EF9}.Release|x64.Build.0 = Release|x64
		{C75AC0CC-8712-4D0A-A3BD-67FCB7A18EF9}.Release|x86.ActiveCfg = Release|Win32
		{C75AC0CC-8712-4D0A-A3BD-67FCB7A18EF9}.Release|x86.Build.0 = Release|Win32
		{A6BD340A-D445-4FC8-9ECB-921298F9E8F2}.Debug|x64.ActiveCfg = Debug|x64
		{A6BD340A-D445-4FC8-9ECB-921298F9E8F2}.Debug|x64.Build.0 = Debug|x64
		{A6BD340A-D445-4FC8-9ECB-921298F9E8F2}.Debug|x86.ActiveCfg = Debug|Win32
		{A6BD340A-D445-4FC8-9ECB-921298F9E8F2}.Debug|x86.Build.0 = Debug|Win32
		{A6BD340A-D445-4FC8-9ECB-921298F9E8F2}.Release|x64.ActiveCfg = Release|x64
		{A6BD340A-D445-4FC8-9ECB-921298F9E8F2}.Release|x64.Build.0 = Release|x64
		{A6BD340A-D445-4FC8-9ECB-921298F9E8F2}.Release|x86.ActiveCfg = Release|Win32
		{A6BD340A-D445-4FC8-9ECB-921298F9E8F2}.Release|x86.Build.0 = Release|Win32
		{F12FABF9-337C-479C-BF60-96AF797760F0}.Debug|x64.ActiveCfg = Debug|x64
		{F12FABF9-337C-479C-BF60-96AF797760F0}.Debug|x64.Build.0 = Debug|x64
		{F12FABF9-337C-479C-BF60-96AF797760F0}.Debug|x86.ActiveCfg = Debug|Win32
		{F12FABF9-337C-479C-BF60-96AF797760F0}.Debug|x86.Build.0 = Debug|Win32
		{F12FABF9-337C-479C-BF60-96AF797760F0}.Release|x64.ActiveCfg = Release|x64
		{F12FABF9-337C-479C-BF60-96AF797760F0}.Release|x64.Build.0 = Release|x64
		{F12FABF9-337C-479C-BF60-96AF797760F0}.Release|x86.ActiveCfg = Release|Win32
		{F12FABF9-337C-479C-BF60-96AF797760F0}.Release|x86.Build.0 = Release|Win32
		{63429F04-F3AC-49BD-97AF-B3E1A7785AC3}.Debug|x64.ActiveCfg = Debug|x64
		{63429F04-F3AC-49BD-97AF-B3E1A7785AC3}.Debug|x64.Build.0 = Debug|x64
		{63429F04-F3AC-49BD-97AF-B3E1A7785AC3}.Debug|x86.ActiveCfg = Debug|Win32
		{63429F04-F3AC-49BD-97AF-B3E1A7785AC3}.Debug|x86.Build.0 = Debug|Win32
		{63429F04-F3AC-49BD-97AF-B3E1A7785AC3}.Release|x64.ActiveCfg = Release|x64
		{63429F04-F3AC-49BD-97AF-B3E1A7785AC3}.Release|x64.Build.0 = Release|x64
		{63429F04-F3AC-49BD-97AF-B3E1A7785AC3}.Release|x86.ActiveCfg = Release|Win32
		{63429F04-F3AC-49BD-97AF-B3E1A7785AC3}.Release|x86.Build.0 = Release|Win32
		{44E22E1E-BAB6-48A1-842B-0FAFD52863D9}.Debug|x64.ActiveCfg = Debug|x64
		{44E22E1E-BAB6-48A1-842B-0FAFD52863D9}.Debug|x64.Build.0 = Debug|x64
		{44E22E1E-BAB6-48A1-842B-0FAFD52863D9}.Debug|x86.ActiveCfg = Debug|Win32
		{44E22E1E-BAB6-48A1-842B-0FAFD52863D9}.Debug|x86.Build.0 = Debug|Win32
		{44E22E1E-BAB6-48A1-842B-0FAFD52863D9}.Release|x64.ActiveCfg = Release|x64
		{44E22E1E-BAB6-48A1-842B-0FAFD52863D9}.Release|x64.Build.0 = Release|x64
		{44E22E1E-BAB6-48A1-842B-0FAFD52863D9}.Release|x86.ActiveCfg = Release|Win32
		{44E22E1E-BAB6-48A1-842B-0FAFD52863D9}.Release|x86.Build.0 = Release|Win32
		{269E7FF5-D7BA-44B2-95A4-51DB1E793831}.Debug|x64.ActiveCfg = Debug|x64
		{269E7FF5-D7BA-44B2-95A4-51DB1E793831}.Debug|x64.Build.0 = Debug|x64
		{269E7FF5-D7BA-44B2-95A4-51DB1E793831}.Debug|x86.ActiveCfg = Debug|Win32
		{269E7FF5-D7BA-44B2-95A4-51DB1E793831}.Debug|x86.Build.0 = Debug|Win32
		{269E7FF5-D7BA-44B2-95A4-51DB1E793831}.Release|x64.ActiveCfg = Release|x64
		{269E7FF5-D7BA-44B2-95A4-51DB1E793831}.Release|x64.Build.0 = Release|x64
		{269E7FF5-D7BA-44B2-95A4-51DB1E793831}.Release|x86.ActiveCfg = Release|Win32
		{269E7FF5-D7BA-44B2-95A4-51DB1E793831}.Release|x86.Build.0 = Release|Win32
	EndGlobalSection
	GlobalSection(SolutionProperties) = preSolution
		HideSolutionNode = FALSE
	EndGlobalSection
	GlobalSection(ExtensibilityGlobals) = postSolution
		SolutionGuid = {BC53947C-7AC0-43AE-A2CB-D5234F15ECCB}
	EndGlobalSection
EndGlobal
